
Microsoft Visual Studio Solution File, Format Version 12.00
# Visual Studio Version 17
VisualStudioVersion = 17.9.34728.123
MinimumVisualStudioVersion = 10.0.40219.1
Project("{FAE04EC0-301F-11D3-BF4B-00C04F79EFBC}") = "Assignment1", "Assignment1\Assignment1.csproj", "{FD4C1827-2571-454E-BAC1-C970AA2B9E64}"
EndProject
Global
	GlobalSection(SolutionConfigurationPlatforms) = preSolution
		Debug|Any CPU = Debug|Any CPU
		Release|Any CPU = Release|Any CPU
	EndGlobalSection
	GlobalSection(ProjectConfigurationPlatforms) = postSolution
		{FD4C1827-2571-454E-BAC1-C970AA2B9E64}.Debug|Any CPU.ActiveCfg = Debug|Any CPU
		{FD4C1827-2571-454E-BAC1-C970AA2B9E64}.Debug|Any CPU.Build.0 = Debug|Any CPU
		{FD4C1827-2571-454E-BAC1-C970AA2B9E64}.Release|Any CPU.ActiveCfg = Release|Any CPU
		{FD4C1827-2571-454E-BAC1-C970AA2B9E64}.Release|Any CPU.Build.0 = Release|Any CPU
	EndGlobalSection
	GlobalSection(SolutionProperties) = preSolution
		HideSolutionNode = FALSE
	EndGlobalSection
	GlobalSection(ExtensibilityGlobals) = postSolution
		SolutionGuid = {41F47E8C-ADAB-41AD-844C-356BAE3816F0}
	EndGlobalSection
EndGlobal
